
Microsoft Visual Studio Solution File, Format Version 12.00
# Visual Studio Version 18
VisualStudioVersion = 18.2.11415.280
MinimumVisualStudioVersion = 10.0.40219.1
Project("{FAE04EC0-301F-11D3-BF4B-00C04F79EFBC}") = "Warthuneridle", "Warthuneridle\Warthuneridle.csproj", "{C97F44CA-A943-4CF5-9E96-C81BC0758B86}"
EndProject
Project("{2150E333-8FDC-42A3-9474-1A3956D46DE8}") = "Éléments de solution", "Éléments de solution", "{BA03B96C-843A-49CF-8EB6-F489106870A9}"
	ProjectSection(SolutionItems) = preProject
		.gitignore = .gitignore
		README.md = README.md
	EndProjectSection
EndProject
Global
	GlobalSection(SolutionConfigurationPlatforms) = preSolution
		Debug|Any CPU = Debug|Any CPU
		Release|Any CPU = Release|Any CPU
	EndGlobalSection
	GlobalSection(ProjectConfigurationPlatforms) = postSolution
		{C97F44CA-A943-4CF5-9E96-C81BC0758B86}.Debug|Any CPU.ActiveCfg = Debug|Any CPU
		{C97F44CA-A943-4CF5-9E96-C81BC0758B86}.Debug|Any CPU.Build.0 = Debug|Any CPU
		{C97F44CA-A943-4CF5-9E96-C81BC0758B86}.Release|Any CPU.ActiveCfg = Release|Any CPU
		{C97F44CA-A943-4CF5-9E96-C81BC0758B86}.Release|Any CPU.Build.0 = Release|Any CPU
	EndGlobalSection
	GlobalSection(SolutionProperties) = preSolution
		HideSolutionNode = FALSE
	EndGlobalSection
	GlobalSection(ExtensibilityGlobals) = postSolution
		SolutionGuid = {33DDA5E4-8EC4-4F29-9F7F-C4D1D49AB5FD}
	EndGlobalSection
EndGlobal
